
Microsoft Visual Studio Solution File, Format Version 12.00
# Visual Studio Version 17
VisualStudioVersion = 17.13.35931.197
MinimumVisualStudioVersion = 10.0.40219.1
Project("{FAE04EC0-301F-11D3-BF4B-00C04F79EFBC}") = "TasksCourier", "TasksCourier.csproj", "{3B42F7ED-35DB-40CE-AA24-916E1417084B}"
EndProject
Project("{FAE04EC0-301F-11D3-BF4B-00C04F79EFBC}") = "CourierManagementUtilLibrary", "..\CourierManagementUtilLibrary\CourierManagementUtilLibrary.csproj", "{9248DEC3-8515-4FDC-9F52-E2B248FC46C8}"
EndProject
Project("{FAE04EC0-301F-11D3-BF4B-00C04F79EFBC}") = "CourierManagementHelperLibrary", "..\CourierManagementHelperLibrary\CourierManagementHelperLibrary.csproj", "{6F011C64-EF4A-466A-9116-A19A2443673C}"
EndProject
Project("{FAE04EC0-301F-11D3-BF4B-00C04F79EFBC}") = "CourierManagementExceptionLibrary", "..\CourierManagementExceptionLibrary\CourierManagementExceptionLibrary.csproj", "{31719DCF-0DB8-4269-B485-671E94303997}"
EndProject
Project("{FAE04EC0-301F-11D3-BF4B-00C04F79EFBC}") = "CourierManagementEntityLibrary", "..\CourierManagementEntityLibrary\CourierManagementEntityLibrary.csproj", "{C8E587C1-1013-40A2-BE93-FA40E0CFA0C7}"
EndProject
Project("{FAE04EC0-301F-11D3-BF4B-00C04F79EFBC}") = "CourierManagementDaoLibrary", "..\CourierManagementDaoLibrary\CourierManagementDaoLibrary.csproj", "{03974DB6-66CE-45EE-82ED-C091F9412BA2}"
EndProject
Global
	GlobalSection(SolutionConfigurationPlatforms) = preSolution
		Debug|Any CPU = Debug|Any CPU
		Release|Any CPU = Release|Any CPU
	EndGlobalSection
	GlobalSection(ProjectConfigurationPlatforms) = postSolution
		{3B42F7ED-35DB-40CE-AA24-916E1417084B}.Debug|Any CPU.ActiveCfg = Debug|Any CPU
		{3B42F7ED-35DB-40CE-AA24-916E1417084B}.Debug|Any CPU.Build.0 = Debug|Any CPU
		{3B42F7ED-35DB-40CE-AA24-916E1417084B}.Release|Any CPU.ActiveCfg = Release|Any CPU
		{3B42F7ED-35DB-40CE-AA24-916E1417084B}.Release|Any CPU.Build.0 = Release|Any CPU
		{9248DEC3-8515-4FDC-9F52-E2B248FC46C8}.Debug|Any CPU.ActiveCfg = Debug|Any CPU
		{9248DEC3-8515-4FDC-9F52-E2B248FC46C8}.Debug|Any CPU.Build.0 = Debug|Any CPU
		{9248DEC3-8515-4FDC-9F52-E2B248FC46C8}.Release|Any CPU.ActiveCfg = Release|Any CPU
		{9248DEC3-8515-4FDC-9F52-E2B248FC46C8}.Release|Any CPU.Build.0 = Release|Any CPU
		{6F011C64-EF4A-466A-9116-A19A2443673C}.Debug|Any CPU.ActiveCfg = Debug|Any CPU
		{6F011C64-EF4A-466A-9116-A19A2443673C}.Debug|Any CPU.Build.0 = Debug|Any CPU
		{6F011C64-EF4A-466A-9116-A19A2443673C}.Release|Any CPU.ActiveCfg = Release|Any CPU
		{6F011C64-EF4A-466A-9116-A19A2443673C}.Release|Any CPU.Build.0 = Release|Any CPU
		{31719DCF-0DB8-4269-B485-671E94303997}.Debug|Any CPU.ActiveCfg = Debug|Any CPU
		{31719DCF-0DB8-4269-B485-671E94303997}.Debug|Any CPU.Build.0 = Debug|Any CPU
		{31719DCF-0DB8-4269-B485-671E94303997}.Release|Any CPU.ActiveCfg = Release|Any CPU
		{31719DCF-0DB8-4269-B485-671E94303997}.Release|Any CPU.Build.0 = Release|Any CPU
		{C8E587C1-1013-40A2-BE93-FA40E0CFA0C7}.Debug|Any CPU.ActiveCfg = Debug|Any CPU
		{C8E587C1-1013-40A2-BE93-FA40E0CFA0C7}.Debug|Any CPU.Build.0 = Debug|Any CPU
		{C8E587C1-1013-40A2-BE93-FA40E0CFA0C7}.Release|Any CPU.ActiveCfg = Release|Any CPU
		{C8E587C1-1013-40A2-BE93-FA40E0CFA0C7}.Release|Any CPU.Build.0 = Release|Any CPU
		{03974DB6-66CE-45EE-82ED-C091F9412BA2}.Debug|Any CPU.ActiveCfg = Debug|Any CPU
		{03974DB6-66CE-45EE-82ED-C091F9412BA2}.Debug|Any CPU.Build.0 = Debug|Any CPU
		{03974DB6-66CE-45EE-82ED-C091F9412BA2}.Release|Any CPU.ActiveCfg = Release|Any CPU
		{03974DB6-66CE-45EE-82ED-C091F9412BA2}.Release|Any CPU.Build.0 = Release|Any CPU
	EndGlobalSection
	GlobalSection(SolutionProperties) = preSolution
		HideSolutionNode = FALSE
	EndGlobalSection
	GlobalSection(ExtensibilityGlobals) = postSolution
		SolutionGuid = {B9AE876C-CBE5-463D-B7FE-0C766A1E2577}
	EndGlobalSection
EndGlobal
